
Microsoft Visual Studio Solution File, Format Version 12.00
# Visual Studio 15
VisualStudioVersion = 15.0.28307.572
MinimumVisualStudioVersion = 10.0.40219.1
Project("{FAE04EC0-301F-11D3-BF4B-00C04F79EFBC}") = "ASPNetJQueryDatatable", "ASPNetJQueryDatatable\ASPNetJQueryDatatable.csproj", "{9C0B597B-EFF4-42CE-922A-AF5A76CD5ABC}"
EndProject
Global
	GlobalSection(SolutionConfigurationPlatforms) = preSolution
		Debug|Any CPU = Debug|Any CPU
		Release|Any CPU = Release|Any CPU
	EndGlobalSection
	GlobalSection(ProjectConfigurationPlatforms) = postSolution
		{9C0B597B-EFF4-42CE-922A-AF5A76CD5ABC}.Debug|Any CPU.ActiveCfg = Debug|Any CPU
		{9C0B597B-EFF4-42CE-922A-AF5A76CD5ABC}.Debug|Any CPU.Build.0 = Debug|Any CPU
		{9C0B597B-EFF4-42CE-922A-AF5A76CD5ABC}.Release|Any CPU.ActiveCfg = Release|Any CPU
		{9C0B597B-EFF4-42CE-922A-AF5A76CD5ABC}.Release|Any CPU.Build.0 = Release|Any CPU
	EndGlobalSection
	GlobalSection(SolutionProperties) = preSolution
		HideSolutionNode = FALSE
	EndGlobalSection
	GlobalSection(ExtensibilityGlobals) = postSolution
		SolutionGuid = {3868139D-D5DE-49AF-AD17-6011347D483D}
	EndGlobalSection
EndGlobal
